<?xml version="1.0" encoding="utf-8"?>
<Project ToolsVersion="4.0" xmlns="http://schemas.microsoft.com/developer/msbuild/2003">
  <ItemGroup>
    <Filter Include="Source Files">
      <UniqueIdentifier>{4FC737F1-C7A5-4376-A066-2A32D752A2FF}</UniqueIdentifier>
      <Extensions>cpp;c;cc;cxx;c++;cppm;ixx;def;odl;idl;hpj;bat;asm;asmx</Extensions>
    </Filter>
    <Filter Include="Header Files">
      <UniqueIdentifier>{93995380-89BD-4b04-88EB-625FBE52EBFB}</UniqueIdentifier>
      <Extensions>h;hh;hpp;hxx;h++;hm;inl;inc;ipp;xsd</Extensions>
    </Filter>
    <Filter Include="Resource Files">
      <UniqueIdentifier>{67DA6AB6-F800-4c08-8B7A-83BB121AAD01}</UniqueIdentifier>
      <Extensions>rc;ico;cur;bmp;dlg;rc2;rct;bin;rgs;gif;jpg;jpeg;jpe;resx;tiff;tif;png;wav;mfcribbon-ms</Extensions>
    </Filter>
  </ItemGroup>
  <ItemGroup>
    <ClCompile Include="Scripts\main.cpp">
      <Filter>Source Files</Filter>
    </ClCompile>
    <ClCompile Include="Scripts\Gameobjects\Utilities\AGameObject.cpp">
      <Filter>Source Files</Filter>
    </ClCompile>
    <ClCompile Include="Scripts\BaseRunner\BaseRunner.cpp">
      <Filter>Source Files</Filter>
    </ClCompile>
    <ClCompile Include="Scripts\Gameobjects\BackgroundObject\BGObject.cpp">
      <Filter>Source Files</Filter>
    </ClCompile>
    <ClCompile Include="Scripts\Utilities\Statistics\FPSCounter.cpp">
      <Filter>Source Files</Filter>
    </ClCompile>
    <ClCompile Include="Scripts\Gameobjects\Utilities\GameObjectManager.cpp">
      <Filter>Source Files</Filter>
    </ClCompile>
    <ClCompile Include="Scripts\Gameobjects\IconObject\IconObject.cpp">
      <Filter>Source Files</Filter>
    </ClCompile>
    <ClCompile Include="Scripts\Threads\IETThread.cpp">
      <Filter>Source Files</Filter>
    </ClCompile>
    <ClCompile Include="Scripts\Utilities\Utils\MathUtils.cpp">
      <Filter>Source Files</Filter>
    </ClCompile>
    <ClCompile Include="Scripts\Utilities\Utils\StringUtils.cpp">
      <Filter>Source Files</Filter>
    </ClCompile>
    <ClCompile Include="Scripts\Components\Renderer\TextureDisplay.cpp">
      <Filter>Source Files</Filter>
    </ClCompile>
    <ClCompile Include="Scripts\Utilities\Manager\TextureManager.cpp">
      <Filter>Source Files</Filter>
    </ClCompile>
    <ClCompile Include="Scripts\Threads\StreamAssetLoader.cpp">
      <Filter>Source Files</Filter>
    </ClCompile>
    <ClCompile Include="Scripts\Threads\IExecutionEvent.cpp">
      <Filter>Source Files</Filter>
    </ClCompile>
    <ClCompile Include="Scripts\Threads\PoolWorkerThread.cpp">
      <Filter>Source Files</Filter>
    </ClCompile>
    <ClCompile Include="Scripts\Threads\IWorkerAction.cpp">
      <Filter>Source Files</Filter>
    </ClCompile>
    <ClCompile Include="Scripts\Threads\IFinishedTask.cpp">
      <Filter>Source Files</Filter>
    </ClCompile>
    <ClCompile Include="Scripts\Threads\ThreadPool.cpp">
      <Filter>Source Files</Filter>
    </ClCompile>
    <ClCompile Include="Scripts\Components\Renderer\Renderer.cpp">
      <Filter>Source Files</Filter>
    </ClCompile>
    <ClCompile Include="Scripts\Components\Renderer\SpriteRenderer.cpp">
      <Filter>Source Files</Filter>
    </ClCompile>
    <ClCompile Include="Scripts\Components\Utilities\AComponent.cpp">
      <Filter>Source Files</Filter>
    </ClCompile>
    <ClCompile Include="Scripts\Gameobjects\BackgroundObject\BGMovement.cpp">
      <Filter>Source Files</Filter>
    </ClCompile>
    <ClCompile Include="Scripts\Components\Renderer\TextRenderer.cpp">
      <Filter>Source Files</Filter>
    </ClCompile>
    <ClCompile Include="Scripts\Utilities\Manager\FontManager.cpp">
      <Filter>Source Files</Filter>
    </ClCompile>
    <ClCompile Include="Scripts\Gameobjects\UI\UIText.cpp">
      <Filter>Source Files</Filter>
    </ClCompile>
    <ClCompile Include="Scripts\Utilities\Manager\SFXManager.cpp">
      <Filter>Source Files</Filter>
    </ClCompile>
    <ClCompile Include="Scripts\Utilities\Manager\SceneManager.cpp">
      <Filter>Source Files</Filter>
    </ClCompile>
    <ClCompile Include="Scripts\Scene\AScene.cpp">
      <Filter>Source Files</Filter>
    </ClCompile>
    <ClCompile Include="Scripts\Scene\LoadingScene\LoadingScene.cpp">
      <Filter>Source Files</Filter>
    </ClCompile>
    <ClCompile Include="Scripts\Scene\LoadingScene\LoadingScreen.cpp">
      <Filter>Source Files</Filter>
    </ClCompile>
    <ClCompile Include="Scripts\Utilities\Manager\ApplicationManager.cpp">
      <Filter>Source Files</Filter>
    </ClCompile>
    <ClCompile Include="Scripts\UI\Buttons\UIButtonInputController.cpp">
      <Filter>Source Files</Filter>
    </ClCompile>
    <ClCompile Include="Scripts\UI\Buttons\UIButton.cpp">
      <Filter>Source Files</Filter>
    </ClCompile>
    <ClCompile Include="Scripts\UI\Buttons\GenericInputController.cpp">
      <Filter>Source Files</Filter>
    </ClCompile>
    <ClCompile Include="Scripts\Threads\ThreadLoader.cpp">
      <Filter>Source Files</Filter>
    </ClCompile>
    <ClCompile Include="Scripts\Threads\GlobalSemaphore.cpp">
      <Filter>Source Files</Filter>
    </ClCompile>
    <ClCompile Include="Scripts\Gameobjects\Utilities\PNGObject.cpp">
      <Filter>Source Files</Filter>
    </ClCompile>
  </ItemGroup>
  <ItemGroup>
    <ClInclude Include="Scripts\Gameobjects\Utilities\AGameObject.h">
      <Filter>Header Files</Filter>
    </ClInclude>
    <ClInclude Include="Scripts\BaseRunner\BaseRunner.h">
      <Filter>Header Files</Filter>
    </ClInclude>
    <ClInclude Include="Scripts\Gameobjects\BackgroundObject\BGObject.h">
      <Filter>Header Files</Filter>
    </ClInclude>
    <ClInclude Include="Scripts\Utilities\Statistics\FPSCounter.h">
      <Filter>Header Files</Filter>
    </ClInclude>
    <ClInclude Include="Scripts\Gameobjects\Utilities\GameObjectManager.h">
      <Filter>Header Files</Filter>
    </ClInclude>
    <ClInclude Include="Scripts\Gameobjects\IconObject\IconObject.h">
      <Filter>Header Files</Filter>
    </ClInclude>
    <ClInclude Include="Scripts\Threads\IETThread.h">
      <Filter>Header Files</Filter>
    </ClInclude>
    <ClInclude Include="Scripts\Utilities\Utils\MathUtils.h">
      <Filter>Header Files</Filter>
    </ClInclude>
    <ClInclude Include="Scripts\Utilities\Utils\StringUtils.h">
      <Filter>Header Files</Filter>
    </ClInclude>
    <ClInclude Include="Scripts\Components\Renderer\TextureDisplay.h">
      <Filter>Header Files</Filter>
    </ClInclude>
    <ClInclude Include="Scripts\Utilities\Manager\TextureManager.h">
      <Filter>Header Files</Filter>
    </ClInclude>
    <ClInclude Include="Scripts\Threads\StreamAssetLoader.h">
      <Filter>Header Files</Filter>
    </ClInclude>
    <ClInclude Include="Scripts\Threads\IExecutionEvent.h">
      <Filter>Header Files</Filter>
    </ClInclude>
    <ClInclude Include="Scripts\Threads\PoolWorkerThread.h">
      <Filter>Header Files</Filter>
    </ClInclude>
    <ClInclude Include="Scripts\Threads\IWorkerAction.h">
      <Filter>Header Files</Filter>
    </ClInclude>
    <ClInclude Include="Scripts\Threads\IFinishedTask.h">
      <Filter>Header Files</Filter>
    </ClInclude>
    <ClInclude Include="Scripts\Threads\ThreadPool.h">
      <Filter>Header Files</Filter>
    </ClInclude>
    <ClInclude Include="Scripts\Components\Renderer\Renderer.h">
      <Filter>Header Files</Filter>
    </ClInclude>
    <ClInclude Include="Scripts\Components\Renderer\SpriteRenderer.h">
      <Filter>Header Files</Filter>
    </ClInclude>
    <ClInclude Include="Scripts\Components\Utilities\AComponent.h">
      <Filter>Header Files</Filter>
    </ClInclude>
    <ClInclude Include="Scripts\Gameobjects\BackgroundObject\BGMovement.h">
      <Filter>Header Files</Filter>
    </ClInclude>
    <ClInclude Include="Scripts\Utilities\Typedefs.h">
      <Filter>Header Files</Filter>
    </ClInclude>
    <ClInclude Include="Scripts\Components\Renderer\TextRenderer.h">
      <Filter>Header Files</Filter>
    </ClInclude>
    <ClInclude Include="Scripts\Utilities\Manager\FontManager.h">
      <Filter>Header Files</Filter>
    </ClInclude>
    <ClInclude Include="Scripts\Gameobjects\UI\UIText.h">
      <Filter>Header Files</Filter>
    </ClInclude>
    <ClInclude Include="Scripts\Utilities\Manager\SFXManager.h">
      <Filter>Header Files</Filter>
    </ClInclude>
    <ClInclude Include="Scripts\Utilities\Manager\SceneManager.h">
      <Filter>Header Files</Filter>
    </ClInclude>
    <ClInclude Include="Scripts\Scene\AScene.h">
      <Filter>Header Files</Filter>
    </ClInclude>
    <ClInclude Include="Scripts\Scene\LoadingScene\LoadingScene.h">
      <Filter>Header Files</Filter>
    </ClInclude>
    <ClInclude Include="Scripts\Scene\LoadingScene\LoadingScreen.h">
      <Filter>Header Files</Filter>
    </ClInclude>
    <ClInclude Include="Scripts\Utilities\Manager\ApplicationManager.h">
      <Filter>Header Files</Filter>
    </ClInclude>
    <ClInclude Include="Scripts\UI\Buttons\UIButtonInputController.h">
      <Filter>Header Files</Filter>
    </ClInclude>
    <ClInclude Include="Scripts\UI\Buttons\UIButton.h">
      <Filter>Header Files</Filter>
    </ClInclude>
    <ClInclude Include="Scripts\UI\Buttons\ButtonListener.h">
      <Filter>Header Files</Filter>
    </ClInclude>
    <ClInclude Include="Scripts\UI\Buttons\GenericInputController.h">
      <Filter>Header Files</Filter>
    </ClInclude>
    <ClInclude Include="Scripts\Threads\ThreadLoader.h">
      <Filter>Header Files</Filter>
    </ClInclude>
    <ClInclude Include="Scripts\Threads\GlobalSemaphore.h">
      <Filter>Header Files</Filter>
    </ClInclude>
    <ClInclude Include="Scripts\Gameobjects\Utilities\PNGObject.h">
      <Filter>Header Files</Filter>
    </ClInclude>
  </ItemGroup>
</Project>